
Microsoft Visual Studio Solution File, Format Version 12.00
# Visual Studio Version 17
VisualStudioVersion = 17.8.34408.163
MinimumVisualStudioVersion = 10.0.40219.1
Project("{8BC9CEB8-8B4A-11D0-8D11-00A0C91BC942}") = "GBEmu", "GBEmu\GBEmu.vcxproj", "{11D15F31-8F0E-4566-BB87-491C2E301776}"
EndProject
Global
	GlobalSection(SolutionConfigurationPlatforms) = preSolution
		Debug|x64 = Debug|x64
		Debug|x86 = Debug|x86
		Release|x64 = Release|x64
		Release|x86 = Release|x86
	EndGlobalSection
	GlobalSection(ProjectConfigurationPlatforms) = postSolution
		{11D15F31-8F0E-4566-BB87-491C2E301776}.Debug|x64.ActiveCfg = Debug|x64
		{11D15F31-8F0E-4566-BB87-491C2E301776}.Debug|x64.Build.0 = Debug|x64
		{11D15F31-8F0E-4566-BB87-491C2E301776}.Debug|x86.ActiveCfg = Debug|Win32
		{11D15F31-8F0E-4566-BB87-491C2E301776}.Debug|x86.Build.0 = Debug|Win32
		{11D15F31-8F0E-4566-BB87-491C2E301776}.Release|x64.ActiveCfg = Release|x64
		{11D15F31-8F0E-4566-BB87-491C2E301776}.Release|x64.Build.0 = Release|x64
		{11D15F31-8F0E-4566-BB87-491C2E301776}.Release|x86.ActiveCfg = Release|Win32
		{11D15F31-8F0E-4566-BB87-491C2E301776}.Release|x86.Build.0 = Release|Win32
	EndGlobalSection
	GlobalSection(SolutionProperties) = preSolution
		HideSolutionNode = FALSE
	EndGlobalSection
	GlobalSection(ExtensibilityGlobals) = postSolution
		SolutionGuid = {513CF73B-3AB1-46E4-8F6B-C13E7025F0A7}
	EndGlobalSection
EndGlobal
